
Microsoft Visual Studio Solution File, Format Version 12.00
# Visual Studio Version 17
VisualStudioVersion = 17.7.34024.191
MinimumVisualStudioVersion = 10.0.40219.1
Project("{8BC9CEB8-8B4A-11D0-8D11-00A0C91BC942}") = "Project4", "Project4.vcxproj", "{82528CAC-4CB6-4ED3-AF3B-B64E88ACE14F}"
EndProject
Global
	GlobalSection(SolutionConfigurationPlatforms) = preSolution
		Debug|x64 = Debug|x64
		Debug|x86 = Debug|x86
		Release|x64 = Release|x64
		Release|x86 = Release|x86
	EndGlobalSection
	GlobalSection(ProjectConfigurationPlatforms) = postSolution
		{82528CAC-4CB6-4ED3-AF3B-B64E88ACE14F}.Debug|x64.ActiveCfg = Debug|x64
		{82528CAC-4CB6-4ED3-AF3B-B64E88ACE14F}.Debug|x64.Build.0 = Debug|x64
		{82528CAC-4CB6-4ED3-AF3B-B64E88ACE14F}.Debug|x86.ActiveCfg = Debug|Win32
		{82528CAC-4CB6-4ED3-AF3B-B64E88ACE14F}.Debug|x86.Build.0 = Debug|Win32
		{82528CAC-4CB6-4ED3-AF3B-B64E88ACE14F}.Release|x64.ActiveCfg = Release|x64
		{82528CAC-4CB6-4ED3-AF3B-B64E88ACE14F}.Release|x64.Build.0 = Release|x64
		{82528CAC-4CB6-4ED3-AF3B-B64E88ACE14F}.Release|x86.ActiveCfg = Release|Win32
		{82528CAC-4CB6-4ED3-AF3B-B64E88ACE14F}.Release|x86.Build.0 = Release|Win32
	EndGlobalSection
	GlobalSection(SolutionProperties) = preSolution
		HideSolutionNode = FALSE
	EndGlobalSection
	GlobalSection(ExtensibilityGlobals) = postSolution
		SolutionGuid = {4CD1CFD3-349A-4DC1-9055-95D2D469FEAD}
	EndGlobalSection
EndGlobal
